
Microsoft Visual Studio Solution File, Format Version 12.00
# Visual Studio Version 17
VisualStudioVersion = 17.0.32014.148
MinimumVisualStudioVersion = 10.0.40219.1
Project("{9A19103F-16F7-4668-BE54-9A1E7A4F7556}") = "Websocket_Server", "Websocket_Server\Websocket_Server.csproj", "{E2CB26C3-4367-4092-9E04-40D1ECDA90D1}"
EndProject
Global
	GlobalSection(SolutionConfigurationPlatforms) = preSolution
		Debug|Any CPU = Debug|Any CPU
		Release|Any CPU = Release|Any CPU
	EndGlobalSection
	GlobalSection(ProjectConfigurationPlatforms) = postSolution
		{E2CB26C3-4367-4092-9E04-40D1ECDA90D1}.Debug|Any CPU.ActiveCfg = Debug|Any CPU
		{E2CB26C3-4367-4092-9E04-40D1ECDA90D1}.Debug|Any CPU.Build.0 = Debug|Any CPU
		{E2CB26C3-4367-4092-9E04-40D1ECDA90D1}.Release|Any CPU.ActiveCfg = Release|Any CPU
		{E2CB26C3-4367-4092-9E04-40D1ECDA90D1}.Release|Any CPU.Build.0 = Release|Any CPU
	EndGlobalSection
	GlobalSection(SolutionProperties) = preSolution
		HideSolutionNode = FALSE
	EndGlobalSection
	GlobalSection(ExtensibilityGlobals) = postSolution
		SolutionGuid = {170835AC-BC47-49BD-9692-848B708C618D}
	EndGlobalSection
EndGlobal
